<?xml version="1.0" encoding="utf-8"?>
<Project ToolsVersion="4.0" xmlns="http://schemas.microsoft.com/developer/msbuild/2003">
  <ItemGroup>
    <Filter Include="Source Files">
      <UniqueIdentifier>{4FC737F1-C7A5-4376-A066-2A32D752A2FF}</UniqueIdentifier>
      <Extensions>cpp;c;cc;cxx;def;odl;idl;hpj;bat;asm;asmx</Extensions>
    </Filter>
    <Filter Include="Header Files">
      <UniqueIdentifier>{93995380-89BD-4b04-88EB-625FBE52EBFB}</UniqueIdentifier>
      <Extensions>h;hh;hpp;hxx;hm;inl;inc;ipp;xsd</Extensions>
    </Filter>
    <Filter Include="Resource Files">
      <UniqueIdentifier>{67DA6AB6-F800-4c08-8B7A-83BB121AAD01}</UniqueIdentifier>
      <Extensions>rc;ico;cur;bmp;dlg;rc2;rct;bin;rgs;gif;jpg;jpeg;jpe;resx;tiff;tif;png;wav;mfcribbon-ms</Extensions>
    </Filter>
    <Filter Include="Header Files\include">
      <UniqueIdentifier>{e518eda4-be90-4f48-8f1a-01ca7d789bfa}</UniqueIdentifier>
    </Filter>
  </ItemGroup>
  <ItemGroup>
    <ClCompile Include="rb-gui.cpp">
      <Filter>Source Files</Filter>
    </ClCompile>
    <ClCompile Include="..\third-party\glad\glad.c">
      <Filter>Source Files</Filter>
    </ClCompile>
    <ClCompile Include="..\common\opengl3.cpp">
      <Filter>Source Files</Filter>
    </ClCompile>
    <ClCompile Include="..\third-party\imgui\imgui.cpp">
      <Filter>Source Files</Filter>
    </ClCompile>
    <ClCompile Include="..\third-party\imgui\imgui_draw.cpp">
      <Filter>Source Files</Filter>
    </ClCompile>
    <ClCompile Include="..\third-party\imgui\imgui_impl_glfw.cpp">
      <Filter>Source Files</Filter>
    </ClCompile>
    <ClCompile Include="rb_aux.cpp">
      <Filter>Source Files</Filter>
    </ClCompile>
    <ClCompile Include="..\common\os.cpp">
      <Filter>Source Files</Filter>
    </ClCompile>
    <ClCompile Include="..\third-party\tinyfiledialogs\tinyfiledialogs.c">
      <Filter>Source Files</Filter>
    </ClCompile>
  </ItemGroup>
  <ItemGroup>
    <ClInclude Include="realsense\third-party\realsense-file\rosbag\rosbag_storage\include\rosbag\macros.h">
      <Filter>Header Files</Filter>
    </ClInclude>
    <ClInclude Include="realsense\third-party\realsense-file\rosbag\rosbag_storage\include\rosbag\structures.h">
      <Filter>Header Files</Filter>
    </ClInclude>
    <ClInclude Include="..\..\librealsense\include\librealsense2-gl\rs_processing_gl.hpp">
      <Filter>Header Files</Filter>
    </ClInclude>
    <ClInclude Include="..\..\librealsense\third-party\glfw\include\GLFW\glfw3.h">
      <Filter>Header Files</Filter>
    </ClInclude>
    <ClInclude Include="..\..\librealsense\third-party\imgui\imgui_impl_glfw.h">
      <Filter>Header Files</Filter>
    </ClInclude>
    <ClInclude Include="..\..\librealsense\common\rendering.h">
      <Filter>Header Files</Filter>
    </ClInclude>
    <ClInclude Include="..\..\librealsense\build\udev-rules.h">
      <Filter>Header Files</Filter>
    </ClInclude>
    <ClInclude Include="..\..\librealsense\common\viewer.h">
      <Filter>Header Files</Filter>
    </ClInclude>
    <ClInclude Include="..\..\librealsense\src\fw-update\fw-update-device.h">
      <Filter>Header Files</Filter>
    </ClInclude>
    <ClInclude Include="..\..\librealsense\src\fw-update\fw-update-device-interface.h">
      <Filter>Header Files</Filter>
    </ClInclude>
    <ClInclude Include="..\..\librealsense\src\usb\usb-device.h">
      <Filter>Header Files</Filter>
    </ClInclude>
    <ClInclude Include="..\..\librealsense\src\media\playback\playback_sensor.h">
      <Filter>Header Files</Filter>
    </ClInclude>
    <ClInclude Include="..\..\librealsense\src\core\extension.h">
      <Filter>Header Files</Filter>
    </ClInclude>
    <ClInclude Include="..\..\librealsense\third-party\realsense-file\rosbag\rosbag_storage\include\rosbag\bag.h">
      <Filter>Header Files</Filter>
    </ClInclude>
    <ClInclude Include="..\..\librealsense\examples\example.hpp">
      <Filter>Header Files</Filter>
    </ClInclude>
    <ClInclude Include="..\..\librealsense\third-party\glad\glad\glad.h">
      <Filter>Header Files</Filter>
    </ClInclude>
    <ClInclude Include="..\..\librealsense\third-party\realsense-file\rosbag\cpp_common\include\ros\header.h">
      <Filter>Header Files</Filter>
    </ClInclude>
    <ClInclude Include="..\..\librealsense\third-party\realsense-file\rosbag\msgs\sensor_msgs\Image.h">
      <Filter>Header Files</Filter>
    </ClInclude>
    <ClInclude Include="..\..\librealsense\third-party\realsense-file\rosbag\msgs\sensor_msgs\image_encodings.h">
      <Filter>Header Files</Filter>
    </ClInclude>
    <ClInclude Include="..\..\librealsense\third-party\imgui\imconfig.h">
      <Filter>Header Files</Filter>
    </ClInclude>
    <ClInclude Include="..\..\librealsense\third-party\imgui\imgui.h">
      <Filter>Header Files</Filter>
    </ClInclude>
    <ClInclude Include="..\..\librealsense\third-party\imgui\imgui_internal.h">
      <Filter>Header Files</Filter>
    </ClInclude>
    <ClInclude Include="..\..\librealsense\third-party\realsense-file\rosbag\msgs\sensor_msgs\Imu.h">
      <Filter>Header Files</Filter>
    </ClInclude>
    <ClInclude Include="..\..\librealsense\third-party\realsense-file\boost\boost\iterator\iterator_facade.hpp">
      <Filter>Header Files</Filter>
    </ClInclude>
    <ClInclude Include="..\..\librealsense\third-party\realsense-file\rosbag\roscpp_traits\include\ros\message_event.h">
      <Filter>Header Files</Filter>
    </ClInclude>
    <ClInclude Include="..\..\librealsense\third-party\realsense-file\rosbag\rosbag_storage\include\rosbag\message_instance.h">
      <Filter>Header Files</Filter>
    </ClInclude>
    <ClInclude Include="..\..\librealsense\third-party\realsense-file\rosbag\roscpp_traits\include\ros\message_traits.h">
      <Filter>Header Files</Filter>
    </ClInclude>
    <ClInclude Include="..\..\librealsense\src\media\playback\playback_device.h">
      <Filter>Header Files</Filter>
    </ClInclude>
    <ClInclude Include="..\..\librealsense\third-party\realsense-file\rosbag\rosbag_storage\include\rosbag\query.h">
      <Filter>Header Files</Filter>
    </ClInclude>
    <ClInclude Include="..\..\librealsense\src\media\ros\ros_file_format.h">
      <Filter>Header Files</Filter>
    </ClInclude>
    <ClInclude Include="..\..\librealsense\include\librealsense2\rs.h">
      <Filter>Header Files</Filter>
    </ClInclude>
    <ClInclude Include="..\..\librealsense\include\librealsense2\rs.hpp">
      <Filter>Header Files</Filter>
    </ClInclude>
    <ClInclude Include="..\..\librealsense\include\librealsense2\rs_advanced_mode.h">
      <Filter>Header Files</Filter>
    </ClInclude>
    <ClInclude Include="..\..\librealsense\include\librealsense2\rs_advanced_mode.hpp">
      <Filter>Header Files</Filter>
    </ClInclude>
    <ClInclude Include="..\..\librealsense\include\librealsense2\h\rs_advanced_mode_command.h">
      <Filter>Header Files</Filter>
    </ClInclude>
    <ClInclude Include="..\..\librealsense\include\librealsense2\h\rs_config.h">
      <Filter>Header Files</Filter>
    </ClInclude>
    <ClInclude Include="..\..\librealsense\include\librealsense2\h\rs_context.h">
      <Filter>Header Files</Filter>
    </ClInclude>
    <ClInclude Include="..\..\librealsense\include\librealsense2\h\rs_device.h">
      <Filter>Header Files</Filter>
    </ClInclude>
    <ClInclude Include="..\..\librealsense\include\librealsense2\h\rs_frame.h">
      <Filter>Header Files</Filter>
    </ClInclude>
    <ClInclude Include="..\..\librealsense\include\librealsense2\h\rs_internal.h">
      <Filter>Header Files</Filter>
    </ClInclude>
    <ClInclude Include="..\..\librealsense\include\librealsense2\h\rs_option.h">
      <Filter>Header Files</Filter>
    </ClInclude>
    <ClInclude Include="..\..\librealsense\include\librealsense2\h\rs_processing.h">
      <Filter>Header Files</Filter>
    </ClInclude>
    <ClInclude Include="..\..\librealsense\include\librealsense2\hpp\rs_device.hpp">
      <Filter>Header Files</Filter>
    </ClInclude>
    <ClInclude Include="..\..\librealsense\include\librealsense2\hpp\rs_context.hpp">
      <Filter>Header Files</Filter>
    </ClInclude>
    <ClInclude Include="..\..\librealsense\include\librealsense2\hpp\rs_export.hpp">
      <Filter>Header Files</Filter>
    </ClInclude>
    <ClInclude Include="..\..\librealsense\include\librealsense2\hpp\rs_frame.hpp">
      <Filter>Header Files</Filter>
    </ClInclude>
    <ClInclude Include="..\..\librealsense\include\librealsense2\hpp\rs_internal.hpp">
      <Filter>Header Files</Filter>
    </ClInclude>
    <ClInclude Include="..\..\librealsense\include\librealsense2\hpp\rs_options.hpp">
      <Filter>Header Files</Filter>
    </ClInclude>
    <ClInclude Include="..\..\librealsense\include\librealsense2\hpp\rs_processing.hpp">
      <Filter>Header Files</Filter>
    </ClInclude>
    <ClInclude Include="..\..\librealsense\include\librealsense2\hpp\rs_record_playback.hpp">
      <Filter>Header Files</Filter>
    </ClInclude>
    <ClInclude Include="..\..\librealsense\include\librealsense2\hpp\rs_sensor.hpp">
      <Filter>Header Files</Filter>
    </ClInclude>
    <ClInclude Include="..\..\librealsense\include\librealsense2\hpp\rs_types.hpp">
      <Filter>Header Files</Filter>
    </ClInclude>
    <ClInclude Include="..\..\librealsense\include\librealsense2\hpp\rs_pipeline.hpp">
      <Filter>Header Files</Filter>
    </ClInclude>
    <ClInclude Include="..\..\librealsense\include\librealsense2\h\rs_pipeline.h">
      <Filter>Header Files</Filter>
    </ClInclude>
    <ClInclude Include="..\..\librealsense\include\librealsense2\h\rs_record_playback.h">
      <Filter>Header Files</Filter>
    </ClInclude>
    <ClInclude Include="..\..\librealsense\include\librealsense2\h\rs_sensor.h">
      <Filter>Header Files</Filter>
    </ClInclude>
    <ClInclude Include="..\..\librealsense\include\librealsense2\h\rs_types.h">
      <Filter>Header Files</Filter>
    </ClInclude>
    <ClInclude Include="..\..\librealsense\include\librealsense2\rsutil.h">
      <Filter>Header Files</Filter>
    </ClInclude>
    <ClInclude Include="..\..\librealsense\third-party\realsense-file\rosbag\rosbag_storage\include\rosbag\view.h">
      <Filter>Header Files</Filter>
    </ClInclude>
    <ClInclude Include="..\..\librealsense\third-party\arcball_camera.h">
      <Filter>Header Files</Filter>
    </ClInclude>
    <ClInclude Include="..\..\librealsense\third-party\realsense-file\rosbag\rostime\include\ros\time.h">
      <Filter>Header Files</Filter>
    </ClInclude>
    <ClInclude Include="..\..\librealsense\third-party\realsense-file\rosbag\roscpp_serialization\include\ros\serialization.h">
      <Filter>Header Files</Filter>
    </ClInclude>
    <ClInclude Include="..\..\librealsense\third-party\realsense-file\boost\boost\enable_if.hpp">
      <Filter>Header Files</Filter>
    </ClInclude>
    <ClInclude Include="..\..\librealsense\third-party\realsense-file\boost\boost\type_traits\remove_reference.hpp">
      <Filter>Header Files</Filter>
    </ClInclude>
    <ClInclude Include="..\..\librealsense\common\model-views.h">
      <Filter>Header Files</Filter>
    </ClInclude>
    <ClInclude Include="..\..\librealsense\common\notifications.h">
      <Filter>Header Files</Filter>
    </ClInclude>
    <ClInclude Include="..\..\librealsense\common\fw-update-helper.h">
      <Filter>Header Files</Filter>
    </ClInclude>
    <ClInclude Include="..\..\librealsense\common\os.h">
      <Filter>Header Files</Filter>
    </ClInclude>
    <ClInclude Include="..\..\librealsense\third-party\tinyfiledialogs\tinyfiledialogs.h">
      <Filter>Header Files</Filter>
    </ClInclude>
    <ClInclude Include="..\..\librealsense\build\common\fw\D4XX_FW_Image.h">
      <Filter>Header Files</Filter>
    </ClInclude>
    <ClInclude Include="..\..\librealsense\build\common\fw\SR3XX_FW_Image.h">
      <Filter>Header Files</Filter>
    </ClInclude>
    <ClInclude Include="..\..\librealsense\include\librealsense2-gl\rs_processing_gl.h">
      <Filter>Header Files</Filter>
    </ClInclude>
    <ClInclude Include="..\..\librealsense\common\ux-window.h">
      <Filter>Header Files</Filter>
    </ClInclude>
    <ClInclude Include="..\..\librealsense\common\res\int-rs-splash.hpp">
      <Filter>Header Files</Filter>
    </ClInclude>
    <ClInclude Include="..\..\librealsense\common\rs-config.h">
      <Filter>Header Files</Filter>
    </ClInclude>
    <ClInclude Include="..\..\librealsense\src\software-device.h">
      <Filter>Header Files</Filter>
    </ClInclude>
    <ClInclude Include="..\..\librealsense\src\l500\l500-device.h">
      <Filter>Header Files</Filter>
    </ClInclude>
    <ClInclude Include="..\..\librealsense\src\ds5\ds5-device.h">
      <Filter>Header Files</Filter>
    </ClInclude>
    <ClInclude Include="..\..\librealsense\src\ds5\ds5-options.h">
      <Filter>Header Files</Filter>
    </ClInclude>
    <ClInclude Include="..\..\librealsense\src\ivcam\sr300.h">
      <Filter>Header Files</Filter>
    </ClInclude>
    <ClInclude Include="..\..\librealsense\src\l500\l500-depth.h">
      <Filter>Header Files</Filter>
    </ClInclude>
    <ClInclude Include="..\..\librealsense\src\tm2\tm-device.h">
      <Filter>Header Files</Filter>
    </ClInclude>
    <ClInclude Include="..\..\librealsense\src\media\record\record_device.h">
      <Filter>Header Files</Filter>
    </ClInclude>
    <ClInclude Include="..\..\librealsense\src\media\record\record_sensor.h">
      <Filter>Header Files</Filter>
    </ClInclude>
    <ClInclude Include="..\..\librealsense\third-party\libtm\libtm\include\TrackingManager.h">
      <Filter>Header Files</Filter>
    </ClInclude>
    <ClInclude Include="..\..\librealsense\src\api.h">
      <Filter>Header Files</Filter>
    </ClInclude>
    <ClInclude Include="..\..\librealsense\src\stream.h">
      <Filter>Header Files</Filter>
    </ClInclude>
    <ClInclude Include="example.hpp">
      <Filter>Header Files</Filter>
    </ClInclude>
    <ClInclude Include="..\third-party\stb_image.h">
      <Filter>Header Files</Filter>
    </ClInclude>
    <ClInclude Include="..\common\realsense-ui-advanced-mode.h">
      <Filter>Header Files</Filter>
    </ClInclude>
    <ClInclude Include="..\common\ux-alignment.h">
      <Filter>Header Files</Filter>
    </ClInclude>
    <ClInclude Include="rb_aux.h">
      <Filter>Header Files\include</Filter>
    </ClInclude>
  </ItemGroup>
</Project>